<?xml version="1.0" encoding="utf-8"?>
<Project ToolsVersion="4.0" xmlns="http://schemas.microsoft.com/developer/msbuild/2003">
  <ItemGroup>
    <Filter Include="Source Files">
      <UniqueIdentifier>{4FC737F1-C7A5-4376-A066-2A32D752A2FF}</UniqueIdentifier>
      <Extensions>cpp;c;cc;cxx;def;odl;idl;hpj;bat;asm;asmx</Extensions>
    </Filter>
    <Filter Include="Header Files">
      <UniqueIdentifier>{93995380-89BD-4b04-88EB-625FBE52EBFB}</UniqueIdentifier>
      <Extensions>h;hpp;hxx;hm;inl;inc;xsd</Extensions>
    </Filter>
    <Filter Include="Resource Files">
      <UniqueIdentifier>{67DA6AB6-F800-4c08-8B7A-83BB121AAD01}</UniqueIdentifier>
      <Extensions>rc;ico;cur;bmp;dlg;rc2;rct;bin;rgs;gif;jpg;jpeg;jpe;resx;tiff;tif;png;wav;mfcribbon-ms</Extensions>
    </Filter>
  </ItemGroup>
  <ItemGroup>
    <None Include="Graphs.ino" />
  </ItemGroup>
  <ItemGroup>
    <ClInclude Include="Visual Micro\.Graphs.vsarduino.h">
      <Filter>Header Files</Filter>
    </ClInclude>
    <ClInclude Include="OsciCanvas.h">
      <Filter>Header Files</Filter>
    </ClInclude>
    <ClInclude Include="GraphBase.h">
      <Filter>Header Files</Filter>
    </ClInclude>
    <ClInclude Include="GraphSinus.h">
      <Filter>Header Files</Filter>
    </ClInclude>
    <ClInclude Include="GraphFlower.h">
      <Filter>Header Files</Filter>
    </ClInclude>
    <ClInclude Include="GraphRadar.h">
      <Filter>Header Files</Filter>
    </ClInclude>
    <ClInclude Include="OsciCanvasInt.h">
      <Filter>Header Files</Filter>
    </ClInclude>
    <ClInclude Include="GraphSquares.h">
      <Filter>Header Files</Filter>
    </ClInclude>
    <ClInclude Include="GraphStar.h">
      <Filter>Header Files</Filter>
    </ClInclude>
    <ClInclude Include="GraphText.h">
      <Filter>Header Files</Filter>
    </ClInclude>
    <ClInclude Include="CodeInTheDark.h">
      <Filter>Header Files</Filter>
    </ClInclude>
    <ClInclude Include="GraphChristmasTree.h">
      <Filter>Header Files</Filter>
    </ClInclude>
    <ClInclude Include="GraphHallo.h">
      <Filter>Header Files</Filter>
    </ClInclude>
    <ClInclude Include="GraphLissajous.h">
      <Filter>Header Files</Filter>
    </ClInclude>
    <ClInclude Include="GraphLissajousInt.h">
      <Filter>Header Files</Filter>
    </ClInclude>
    <ClInclude Include="GraphSpiral.h">
      <Filter>Header Files</Filter>
    </ClInclude>
    <ClInclude Include="GraphGutesNeues.h">
      <Filter>Header Files</Filter>
    </ClInclude>
    <ClInclude Include="TextWriter.h">
      <Filter>Header Files</Filter>
    </ClInclude>
    <ClInclude Include="GraphFireworks.h">
      <Filter>Header Files</Filter>
    </ClInclude>
    <ClInclude Include="Graph2014.h">
      <Filter>Header Files</Filter>
    </ClInclude>
    <ClInclude Include="MathInt.h">
      <Filter>Header Files</Filter>
    </ClInclude>
    <ClInclude Include="GraphHelloHabr.h">
      <Filter>Header Files</Filter>
    </ClInclude>
  </ItemGroup>
  <ItemGroup>
    <ClCompile Include="OsciCanvas.cpp">
      <Filter>Source Files</Filter>
    </ClCompile>
    <ClCompile Include="GraphBase.cpp">
      <Filter>Source Files</Filter>
    </ClCompile>
    <ClCompile Include="GraphSinus.cpp">
      <Filter>Source Files</Filter>
    </ClCompile>
    <ClCompile Include="GraphFlower.cpp">
      <Filter>Source Files</Filter>
    </ClCompile>
    <ClCompile Include="GraphRadar.cpp">
      <Filter>Source Files</Filter>
    </ClCompile>
    <ClCompile Include="OsciCanvasInt.cpp">
      <Filter>Source Files</Filter>
    </ClCompile>
    <ClCompile Include="GraphSquares.cpp">
      <Filter>Source Files</Filter>
    </ClCompile>
    <ClCompile Include="GraphStar.cpp">
      <Filter>Source Files</Filter>
    </ClCompile>
    <ClCompile Include="GraphText.cpp">
      <Filter>Source Files</Filter>
    </ClCompile>
    <ClCompile Include="CodeInTheDark.cpp">
      <Filter>Source Files</Filter>
    </ClCompile>
    <ClCompile Include="GraphChristmasTree.cpp">
      <Filter>Source Files</Filter>
    </ClCompile>
    <ClCompile Include="GraphHallo.cpp">
      <Filter>Source Files</Filter>
    </ClCompile>
    <ClCompile Include="GraphLissajous.cpp">
      <Filter>Source Files</Filter>
    </ClCompile>
    <ClCompile Include="GraphLissajousInt.cpp">
      <Filter>Source Files</Filter>
    </ClCompile>
    <ClCompile Include="GraphSpiral.cpp">
      <Filter>Source Files</Filter>
    </ClCompile>
    <ClCompile Include="GraphGutesNeues.cpp">
      <Filter>Source Files</Filter>
    </ClCompile>
    <ClCompile Include="TextWriter.cpp">
      <Filter>Source Files</Filter>
    </ClCompile>
    <ClCompile Include="GraphFireworks.cpp">
      <Filter>Source Files</Filter>
    </ClCompile>
    <ClCompile Include="Graph2014.cpp">
      <Filter>Source Files</Filter>
    </ClCompile>
    <ClCompile Include="MathInt.cpp">
      <Filter>Source Files</Filter>
    </ClCompile>
    <ClCompile Include="GraphHelloHabr.cpp">
      <Filter>Source Files</Filter>
    </ClCompile>
  </ItemGroup>
</Project>